
Microsoft Visual Studio Solution File, Format Version 12.00
# Visual Studio Version 16
VisualStudioVersion = 16.0.31729.503
MinimumVisualStudioVersion = 10.0.40219.1
Project("{FAE04EC0-301F-11D3-BF4B-00C04F79EFBC}") = "Programming Assignment 1", "Programming Assignment 1\Programming Assignment 1.csproj", "{3FEDA129-E8B7-43A8-A289-F4F2F3866CB8}"
EndProject
Global
	GlobalSection(SolutionConfigurationPlatforms) = preSolution
		Debug|Any CPU = Debug|Any CPU
		Release|Any CPU = Release|Any CPU
	EndGlobalSection
	GlobalSection(ProjectConfigurationPlatforms) = postSolution
		{3FEDA129-E8B7-43A8-A289-F4F2F3866CB8}.Debug|Any CPU.ActiveCfg = Debug|Any CPU
		{3FEDA129-E8B7-43A8-A289-F4F2F3866CB8}.Debug|Any CPU.Build.0 = Debug|Any CPU
		{3FEDA129-E8B7-43A8-A289-F4F2F3866CB8}.Release|Any CPU.ActiveCfg = Release|Any CPU
		{3FEDA129-E8B7-43A8-A289-F4F2F3866CB8}.Release|Any CPU.Build.0 = Release|Any CPU
	EndGlobalSection
	GlobalSection(SolutionProperties) = preSolution
		HideSolutionNode = FALSE
	EndGlobalSection
	GlobalSection(ExtensibilityGlobals) = postSolution
		SolutionGuid = {B1839DB6-6BDD-4B83-9156-FE119CF4DA0F}
	EndGlobalSection
EndGlobal
